
Microsoft Visual Studio Solution File, Format Version 12.00
# Visual Studio Version 17
VisualStudioVersion = 17.0.31410.414
MinimumVisualStudioVersion = 10.0.40219.1
Project("{FAE04EC0-301F-11D3-BF4B-00C04F79EFBC}") = "Fiap.Aula05.Exercicio02", "Fiap.Aula05.Exercicio02\Fiap.Aula05.Exercicio02.csproj", "{554E6922-66A6-4E51-8CAE-35F803B9250D}"
EndProject
Global
	GlobalSection(SolutionConfigurationPlatforms) = preSolution
		Debug|Any CPU = Debug|Any CPU
		Release|Any CPU = Release|Any CPU
	EndGlobalSection
	GlobalSection(ProjectConfigurationPlatforms) = postSolution
		{554E6922-66A6-4E51-8CAE-35F803B9250D}.Debug|Any CPU.ActiveCfg = Debug|Any CPU
		{554E6922-66A6-4E51-8CAE-35F803B9250D}.Debug|Any CPU.Build.0 = Debug|Any CPU
		{554E6922-66A6-4E51-8CAE-35F803B9250D}.Release|Any CPU.ActiveCfg = Release|Any CPU
		{554E6922-66A6-4E51-8CAE-35F803B9250D}.Release|Any CPU.Build.0 = Release|Any CPU
	EndGlobalSection
	GlobalSection(SolutionProperties) = preSolution
		HideSolutionNode = FALSE
	EndGlobalSection
	GlobalSection(ExtensibilityGlobals) = postSolution
		SolutionGuid = {2720CB5D-C1D4-4389-ABCC-1726FCA0A229}
	EndGlobalSection
EndGlobal
