
Microsoft Visual Studio Solution File, Format Version 12.00
# Visual Studio Version 17
VisualStudioVersion = 17.0.31410.414
MinimumVisualStudioVersion = 10.0.40219.1
Project("{FAE04EC0-301F-11D3-BF4B-00C04F79EFBC}") = "Fiap.Aula03.Exercicio", "Fiap.Aula03.Exercicio\Fiap.Aula03.Exercicio.csproj", "{8681FE0A-4ECB-40CF-9BBF-B91B208AAA45}"
EndProject
Global
	GlobalSection(SolutionConfigurationPlatforms) = preSolution
		Debug|Any CPU = Debug|Any CPU
		Release|Any CPU = Release|Any CPU
	EndGlobalSection
	GlobalSection(ProjectConfigurationPlatforms) = postSolution
		{8681FE0A-4ECB-40CF-9BBF-B91B208AAA45}.Debug|Any CPU.ActiveCfg = Debug|Any CPU
		{8681FE0A-4ECB-40CF-9BBF-B91B208AAA45}.Debug|Any CPU.Build.0 = Debug|Any CPU
		{8681FE0A-4ECB-40CF-9BBF-B91B208AAA45}.Release|Any CPU.ActiveCfg = Release|Any CPU
		{8681FE0A-4ECB-40CF-9BBF-B91B208AAA45}.Release|Any CPU.Build.0 = Release|Any CPU
	EndGlobalSection
	GlobalSection(SolutionProperties) = preSolution
		HideSolutionNode = FALSE
	EndGlobalSection
	GlobalSection(ExtensibilityGlobals) = postSolution
		SolutionGuid = {01179D2C-616B-472D-932F-35588EC442A3}
	EndGlobalSection
EndGlobal
