
Microsoft Visual Studio Solution File, Format Version 12.00
# Visual Studio Version 17
VisualStudioVersion = 17.0.31410.414
MinimumVisualStudioVersion = 10.0.40219.1
Project("{9A19103F-16F7-4668-BE54-9A1E7A4F7556}") = "Fiap.Aula01.Exemplo01", "Fiap.Aula01.Exemplo01\Fiap.Aula01.Exemplo01.csproj", "{BB26CDC3-4F6B-4D5C-99DE-6390936BC0F7}"
EndProject
Project("{9A19103F-16F7-4668-BE54-9A1E7A4F7556}") = "Fiap.Aula01.Exercicios01", "Fiap.Aula01.Exercicios01\Fiap.Aula01.Exercicios01.csproj", "{A532AB84-A874-48DD-9391-A6A165A55F68}"
EndProject
Project("{9A19103F-16F7-4668-BE54-9A1E7A4F7556}") = "Fiap.Aula01.Exercicios02", "Fiap.Aula01.Exercicios02\Fiap.Aula01.Exercicios02.csproj", "{B85AB7C8-BFBE-4887-8402-6C579E8D7458}"
EndProject
Project("{FAE04EC0-301F-11D3-BF4B-00C04F79EFBC}") = "Fiap.Aula01.Exemplo02", "Fiap.Aula01.Exemplo02\Fiap.Aula01.Exemplo02.csproj", "{F48E810F-678B-43F7-9F02-DE080BB9F335}"
EndProject
Global
	GlobalSection(SolutionConfigurationPlatforms) = preSolution
		Debug|Any CPU = Debug|Any CPU
		Release|Any CPU = Release|Any CPU
	EndGlobalSection
	GlobalSection(ProjectConfigurationPlatforms) = postSolution
		{BB26CDC3-4F6B-4D5C-99DE-6390936BC0F7}.Debug|Any CPU.ActiveCfg = Debug|Any CPU
		{BB26CDC3-4F6B-4D5C-99DE-6390936BC0F7}.Debug|Any CPU.Build.0 = Debug|Any CPU
		{BB26CDC3-4F6B-4D5C-99DE-6390936BC0F7}.Release|Any CPU.ActiveCfg = Release|Any CPU
		{BB26CDC3-4F6B-4D5C-99DE-6390936BC0F7}.Release|Any CPU.Build.0 = Release|Any CPU
		{A532AB84-A874-48DD-9391-A6A165A55F68}.Debug|Any CPU.ActiveCfg = Debug|Any CPU
		{A532AB84-A874-48DD-9391-A6A165A55F68}.Debug|Any CPU.Build.0 = Debug|Any CPU
		{A532AB84-A874-48DD-9391-A6A165A55F68}.Release|Any CPU.ActiveCfg = Release|Any CPU
		{A532AB84-A874-48DD-9391-A6A165A55F68}.Release|Any CPU.Build.0 = Release|Any CPU
		{B85AB7C8-BFBE-4887-8402-6C579E8D7458}.Debug|Any CPU.ActiveCfg = Debug|Any CPU
		{B85AB7C8-BFBE-4887-8402-6C579E8D7458}.Debug|Any CPU.Build.0 = Debug|Any CPU
		{B85AB7C8-BFBE-4887-8402-6C579E8D7458}.Release|Any CPU.ActiveCfg = Release|Any CPU
		{B85AB7C8-BFBE-4887-8402-6C579E8D7458}.Release|Any CPU.Build.0 = Release|Any CPU
		{F48E810F-678B-43F7-9F02-DE080BB9F335}.Debug|Any CPU.ActiveCfg = Debug|Any CPU
		{F48E810F-678B-43F7-9F02-DE080BB9F335}.Debug|Any CPU.Build.0 = Debug|Any CPU
		{F48E810F-678B-43F7-9F02-DE080BB9F335}.Release|Any CPU.ActiveCfg = Release|Any CPU
		{F48E810F-678B-43F7-9F02-DE080BB9F335}.Release|Any CPU.Build.0 = Release|Any CPU
	EndGlobalSection
	GlobalSection(SolutionProperties) = preSolution
		HideSolutionNode = FALSE
	EndGlobalSection
	GlobalSection(ExtensibilityGlobals) = postSolution
		SolutionGuid = {FECE0AE5-A52D-44FB-B59A-3899FFFF69AC}
	EndGlobalSection
EndGlobal
