
Microsoft Visual Studio Solution File, Format Version 12.00
# Visual Studio Version 17
VisualStudioVersion = 17.0.31410.414
MinimumVisualStudioVersion = 10.0.40219.1
Project("{9A19103F-16F7-4668-BE54-9A1E7A4F7556}") = "Fiap.Lista.Exercicios01", "Fiap.Lista.Exercicios\Fiap.Lista.Exercicios01.csproj", "{DC92DF41-6A89-4161-A43D-81A3C96A6EA9}"
EndProject
Project("{FAE04EC0-301F-11D3-BF4B-00C04F79EFBC}") = "Fiap.Lista.Exercicios02", "Fiap.Lista.Exercicios02\Fiap.Lista.Exercicios02.csproj", "{4AF08E15-30B7-42FA-A22D-82422129464B}"
EndProject
Project("{FAE04EC0-301F-11D3-BF4B-00C04F79EFBC}") = "Fiap.Lista.Exercicios03", "Fiap.Lista.Exercicios03\Fiap.Lista.Exercicios03.csproj", "{4FB1EAA1-1B94-4518-9FC8-FDB832DEFEF2}"
EndProject
Global
	GlobalSection(SolutionConfigurationPlatforms) = preSolution
		Debug|Any CPU = Debug|Any CPU
		Release|Any CPU = Release|Any CPU
	EndGlobalSection
	GlobalSection(ProjectConfigurationPlatforms) = postSolution
		{DC92DF41-6A89-4161-A43D-81A3C96A6EA9}.Debug|Any CPU.ActiveCfg = Debug|Any CPU
		{DC92DF41-6A89-4161-A43D-81A3C96A6EA9}.Debug|Any CPU.Build.0 = Debug|Any CPU
		{DC92DF41-6A89-4161-A43D-81A3C96A6EA9}.Release|Any CPU.ActiveCfg = Release|Any CPU
		{DC92DF41-6A89-4161-A43D-81A3C96A6EA9}.Release|Any CPU.Build.0 = Release|Any CPU
		{4AF08E15-30B7-42FA-A22D-82422129464B}.Debug|Any CPU.ActiveCfg = Debug|Any CPU
		{4AF08E15-30B7-42FA-A22D-82422129464B}.Debug|Any CPU.Build.0 = Debug|Any CPU
		{4AF08E15-30B7-42FA-A22D-82422129464B}.Release|Any CPU.ActiveCfg = Release|Any CPU
		{4AF08E15-30B7-42FA-A22D-82422129464B}.Release|Any CPU.Build.0 = Release|Any CPU
		{4FB1EAA1-1B94-4518-9FC8-FDB832DEFEF2}.Debug|Any CPU.ActiveCfg = Debug|Any CPU
		{4FB1EAA1-1B94-4518-9FC8-FDB832DEFEF2}.Debug|Any CPU.Build.0 = Debug|Any CPU
		{4FB1EAA1-1B94-4518-9FC8-FDB832DEFEF2}.Release|Any CPU.ActiveCfg = Release|Any CPU
		{4FB1EAA1-1B94-4518-9FC8-FDB832DEFEF2}.Release|Any CPU.Build.0 = Release|Any CPU
	EndGlobalSection
	GlobalSection(SolutionProperties) = preSolution
		HideSolutionNode = FALSE
	EndGlobalSection
	GlobalSection(ExtensibilityGlobals) = postSolution
		SolutionGuid = {7CBA3B54-E472-41D1-830B-F7A57F57DC61}
	EndGlobalSection
EndGlobal
